
Microsoft Visual Studio Solution File, Format Version 11.00
# Visual Studio 2010
Project("{FAE04EC0-301F-11D3-BF4B-00C04F79EFBC}") = "Assembly-CSharp", "Assembly-CSharp.csproj", "{FAC079AD-BFFB-D151-2C0E-1F4AC9E06AF3}"
EndProject
Project("{FAE04EC0-301F-11D3-BF4B-00C04F79EFBC}") = "Assembly-CSharp-Editor", "Assembly-CSharp-Editor.csproj", "{1E2D5176-8984-4E2F-0FBD-C44E985362EF}"
EndProject
Global
	GlobalSection(SolutionConfigurationPlatforms) = preSolution
		Debug|Any CPU = Debug|Any CPU
		Release|Any CPU = Release|Any CPU
	EndGlobalSection
	GlobalSection(ProjectConfigurationPlatforms) = postSolution
		{FAC079AD-BFFB-D151-2C0E-1F4AC9E06AF3}.Debug|Any CPU.ActiveCfg = Debug|Any CPU
		{FAC079AD-BFFB-D151-2C0E-1F4AC9E06AF3}.Debug|Any CPU.Build.0 = Debug|Any CPU
		{FAC079AD-BFFB-D151-2C0E-1F4AC9E06AF3}.Release|Any CPU.ActiveCfg = Release|Any CPU
		{FAC079AD-BFFB-D151-2C0E-1F4AC9E06AF3}.Release|Any CPU.Build.0 = Release|Any CPU
		{1E2D5176-8984-4E2F-0FBD-C44E985362EF}.Debug|Any CPU.ActiveCfg = Debug|Any CPU
		{1E2D5176-8984-4E2F-0FBD-C44E985362EF}.Debug|Any CPU.Build.0 = Debug|Any CPU
		{1E2D5176-8984-4E2F-0FBD-C44E985362EF}.Release|Any CPU.ActiveCfg = Release|Any CPU
		{1E2D5176-8984-4E2F-0FBD-C44E985362EF}.Release|Any CPU.Build.0 = Release|Any CPU
	EndGlobalSection
	GlobalSection(SolutionProperties) = preSolution
		HideSolutionNode = FALSE
	EndGlobalSection
	GlobalSection(MonoDevelopProperties) = preSolution
		StartupItem = Assembly-CSharp.csproj
	EndGlobalSection
EndGlobal
